// !$*UTF8*$!
{
	archiveVersion = 1;
	classes = {
	};
	objectVersion = 50;
	objects = {

/* Begin PBXBuildFile section */
		7310C6082618BDAF00BB6A79 /* AppDelegate.swift in Sources */ = {isa = PBXBuildFile; fileRef = 7310C6072618BDAF00BB6A79 /* AppDelegate.swift */; };
		7310C60A2618BDAF00BB6A79 /* SceneDelegate.swift in Sources */ = {isa = PBXBuildFile; fileRef = 7310C6092618BDAF00BB6A79 /* SceneDelegate.swift */; };
		7310C60C2618BDAF00BB6A79 /* ViewController.swift in Sources */ = {isa = PBXBuildFile; fileRef = 7310C60B2618BDAF00BB6A79 /* ViewController.swift */; };
		7310C60F2618BDAF00BB6A79 /* Main.storyboard in Resources */ = {isa = PBXBuildFile; fileRef = 7310C60D2618BDAF00BB6A79 /* Main.storyboard */; };
		7310C6112618BDB300BB6A79 /* Assets.xcassets in Resources */ = {isa = PBXBuildFile; fileRef = 7310C6102618BDB300BB6A79 /* Assets.xcassets */; };
		7310C6142618BDB300BB6A79 /* LaunchScreen.storyboard in Resources */ = {isa = PBXBuildFile; fileRef = 7310C6122618BDB300BB6A79 /* LaunchScreen.storyboard */; };
		7310C61D2618CF2A00BB6A79 /* GoogleService-Info.plist in Resources */ = {isa = PBXBuildFile; fileRef = 7310C61C2618CF2A00BB6A79 /* GoogleService-Info.plist */; };
/* End PBXBuildFile section */

/* Begin PBXFileReference section */
		7310C6042618BDAF00BB6A79 /* TechnovationGirls13.app */ = {isa = PBXFileReference; explicitFileType = wrapper.application; includeInIndex = 0; path = TechnovationGirls13.app; sourceTree = BUILT_PRODUCTS_DIR; };
		7310C6072618BDAF00BB6A79 /* AppDelegate.swift */ = {isa = PBXFileReference; lastKnownFileType = sourcecode.swift; path = AppDelegate.swift; sourceTree = "<group>"; };
		7310C6092618BDAF00BB6A79 /* SceneDelegate.swift */ = {isa = PBXFileReference; lastKnownFileType = sourcecode.swift; path = SceneDelegate.swift; sourceTree = "<group>"; };
		7310C60B2618BDAF00BB6A79 /* ViewController.swift */ = {isa = PBXFileReference; lastKnownFileType = sourcecode.swift; path = ViewController.swift; sourceTree = "<group>"; };
		7310C60E2618BDAF00BB6A79 /* Base */ = {isa = PBXFileReference; lastKnownFileType = file.storyboard; name = Base; path = Base.lproj/Main.storyboard; sourceTree = "<group>"; };
		7310C6102618BDB300BB6A79 /* Assets.xcassets */ = {isa = PBXFileReference; lastKnownFileType = folder.assetcatalog; path = Assets.xcassets; sourceTree = "<group>"; };
		7310C6132618BDB300BB6A79 /* Base */ = {isa = PBXFileReference; lastKnownFileType = file.storyboard; name = Base; path = Base.lproj/LaunchScreen.storyboard; sourceTree = "<group>"; };
		7310C6152618BDB300BB6A79 /* Info.plist */ = {isa = PBXFileReference; lastKnownFileType = text.plist.xml; path = Info.plist; sourceTree = "<group>"; };
		7310C61C2618CF2A00BB6A79 /* GoogleService-Info.plist */ = {isa = PBXFileReference; fileEncoding = 4; lastKnownFileType = text.plist.xml; name = "GoogleService-Info.plist"; path = "../../../Downloads/GoogleService-Info.plist"; sourceTree = "<group>"; };
/* End PBXFileReference section */

/* Begin PBXFrameworksBuildPhase section */
		7310C6012618BDAF00BB6A79 /* Frameworks */ = {
			isa = PBXFrameworksBuildPhase;
			buildActionMask = 2147483647;
			files = (
			);
			runOnlyForDeploymentPostprocessing = 0;
		};
/* End PBXFrameworksBuildPhase section */

/* Begin PBXGroup section */
		7310C5FB2618BDAF00BB6A79 = {
			isa = PBXGroup;
			children = (
				7310C6062618BDAF00BB6A79 /* TechnovationGirls13 */,
				7310C6052618BDAF00BB6A79 /* Products */,
			);
			sourceTree = "<group>";
		};
		7310C6052618BDAF00BB6A79 /* Products */ = {
			isa = PBXGroup;
			children = (
				7310C6042618BDAF00BB6A79 /* TechnovationGirls13.app */,
			);
			name = Products;
			sourceTree = "<group>";
		};
		7310C6062618BDAF00BB6A79 /* TechnovationGirls13 */ = {
			isa = PBXGroup;
			children = (
				7310C6072618BDAF00BB6A79 /* AppDelegate.swift */,
				7310C6092618BDAF00BB6A79 /* SceneDelegate.swift */,
				7310C60B2618BDAF00BB6A79 /* ViewController.swift */,
				7310C60D2618BDAF00BB6A79 /* Main.storyboard */,
				7310C6102618BDB300BB6A79 /* Assets.xcassets */,
				7310C6122618BDB300BB6A79 /* LaunchScreen.storyboard */,
				7310C6152618BDB300BB6A79 /* Info.plist */,
				7310C61C2618CF2A00BB6A79 /* GoogleService-Info.plist */,
			);
			path = TechnovationGirls13;
			sourceTree = "<group>";
		};
/* End PBXGroup section */

/* Begin PBXNativeTarget section */
		7310C6032618BDAF00BB6A79 /* TechnovationGirls13 */ = {
			isa = PBXNativeTarget;
			buildConfigurationList = 7310C6182618BDB300BB6A79 /* Build configuration list for PBXNativeTarget "TechnovationGirls13" */;
			buildPhases = (
				7310C6002618BDAF00BB6A79 /* Sources */,
				7310C6012618BDAF00BB6A79 /* Frameworks */,
				7310C6022618BDAF00BB6A79 /* Resources */,
			);
			buildRules = (
			);
			dependencies = (
			);
			name = TechnovationGirls13;
			productName = TechnovationGirls13;
			productReference = 7310C6042618BDAF00BB6A79 /* TechnovationGirls13.app */;
			productType = "com.apple.product-type.application";
		};
/* End PBXNativeTarget section */

/* Begin PBXProject section */
		7310C5FC2618BDAF00BB6A79 /* Project object */ = {
			isa = PBXProject;
			attributes = {
				LastSwiftUpdateCheck = 1240;
				LastUpgradeCheck = 1240;
				TargetAttributes = {
					7310C6032618BDAF00BB6A79 = {
						CreatedOnToolsVersion = 12.4;
					};
				};
			};
			buildConfigurationList = 7310C5FF2618BDAF00BB6A79 /* Build configuration list for PBXProject "TechnovationGirls13" */;
			compatibilityVersion = "Xcode 9.3";
			developmentRegion = en;
			hasScannedForEncodings = 0;
			knownRegions = (
				en,
				Base,
			);
			mainGroup = 7310C5FB2618BDAF00BB6A79;
			productRefGroup = 7310C6052618BDAF00BB6A79 /* Products */;
			projectDirPath = "";
			projectRoot = "";
			targets = (
				7310C6032618BDAF00BB6A79 /* TechnovationGirls13 */,
			);
		};
/* End PBXProject section */

/* Begin PBXResourcesBuildPhase section */
		7310C6022618BDAF00BB6A79 /* Resources */ = {
			isa = PBXResourcesBuildPhase;
			buildActionMask = 2147483647;
			files = (
				7310C6142618BDB300BB6A79 /* LaunchScreen.storyboard in Resources */,
				7310C61D2618CF2A00BB6A79 /* GoogleService-Info.plist in Resources */,
				7310C6112618BDB300BB6A79 /* Assets.xcassets in Resources */,
				7310C60F2618BDAF00BB6A79 /* Main.storyboard in Resources */,
			);
			runOnlyForDeploymentPostprocessing = 0;
		};
/* End PBXResourcesBuildPhase section */

/* Begin PBXSourcesBuildPhase section */
		7310C6002618BDAF00BB6A79 /* Sources */ = {
			isa = PBXSourcesBuildPhase;
			buildActionMask = 2147483647;
			files = (
				7310C60C2618BDAF00BB6A79 /* ViewController.swift in Sources */,
				7310C6082618BDAF00BB6A79 /* AppDelegate.swift in Sources */,
				7310C60A2618BDAF00BB6A79 /* SceneDelegate.swift in Sources */,
			);
			runOnlyForDeploymentPostprocessing = 0;
		};
/* End PBXSourcesBuildPhase section */

/* Begin PBXVariantGroup section */
		7310C60D2618BDAF00BB6A79 /* Main.storyboard */ = {
			isa = PBXVariantGroup;
			children = (
				7310C60E2618BDAF00BB6A79 /* Base */,
			);
			name = Main.storyboard;
			sourceTree = "<group>";
		};
		7310C6122618BDB300BB6A79 /* LaunchScreen.storyboard */ = {
			isa = PBXVariantGroup;
			children = (
				7310C6132618BDB300BB6A79 /* Base */,
			);
			name = LaunchScreen.storyboard;
			sourceTree = "<group>";
		};
/* End PBXVariantGroup section */

/* Begin XCBuildConfiguration section */
		7310C6162618BDB300BB6A79 /* Debug */ = {
			isa = XCBuildConfiguration;
			buildSettings = {
				ALWAYS_SEARCH_USER_PATHS = NO;
				CLANG_ANALYZER_NONNULL = YES;
				CLANG_ANALYZER_NUMBER_OBJECT_CONVERSION = YES_AGGRESSIVE;
				CLANG_CXX_LANGUAGE_STANDARD = "gnu++14";
				CLANG_CXX_LIBRARY = "libc++";
				CLANG_ENABLE_MODULES = YES;
				CLANG_ENABLE_OBJC_ARC = YES;
				CLANG_ENABLE_OBJC_WEAK = YES;
				CLANG_WARN_BLOCK_CAPTURE_AUTORELEASING = YES;
				CLANG_WARN_BOOL_CONVERSION = YES;
				CLANG_WARN_COMMA = YES;
				CLANG_WARN_CONSTANT_CONVERSION = YES;
				CLANG_WARN_DEPRECATED_OBJC_IMPLEMENTATIONS = YES;
				CLANG_WARN_DIRECT_OBJC_ISA_USAGE = YES_ERROR;
				CLANG_WARN_DOCUMENTATION_COMMENTS = YES;
				CLANG_WARN_EMPTY_BODY = YES;
				CLANG_WARN_ENUM_CONVERSION = YES;
				CLANG_WARN_INFINITE_RECURSION = YES;
				CLANG_WARN_INT_CONVERSION = YES;
				CLANG_WARN_NON_LITERAL_NULL_CONVERSION = YES;
				CLANG_WARN_OBJC_IMPLICIT_RETAIN_SELF = YES;
				CLANG_WARN_OBJC_LITERAL_CONVERSION = YES;
				CLANG_WARN_OBJC_ROOT_CLASS = YES_ERROR;
				CLANG_WARN_QUOTED_INCLUDE_IN_FRAMEWORK_HEADER = YES;
				CLANG_WARN_RANGE_LOOP_ANALYSIS = YES;
				CLANG_WARN_STRICT_PROTOTYPES = YES;
				CLANG_WARN_SUSPICIOUS_MOVE = YES;
				CLANG_WARN_UNGUARDED_AVAILABILITY = YES_AGGRESSIVE;
				CLANG_WARN_UNREACHABLE_CODE = YES;
				CLANG_WARN__DUPLICATE_METHOD_MATCH = YES;
				COPY_PHASE_STRIP = NO;
				DEBUG_INFORMATION_FORMAT = dwarf;
				ENABLE_STRICT_OBJC_MSGSEND = YES;
				ENABLE_TESTABILITY = YES;
				GCC_C_LANGUAGE_STANDARD = gnu11;
				GCC_DYNAMIC_NO_PIC = NO;
				GCC_NO_COMMON_BLOCKS = YES;
				GCC_OPTIMIZATION_LEVEL = 0;
				GCC_PREPROCESSOR_DEFINITIONS = (
					"DEBUG=1",
					"$(inherited)",
				);
				GCC_WARN_64_TO_32_BIT_CONVERSION = YES;
				GCC_WARN_ABOUT_RETURN_TYPE = YES_ERROR;
				GCC_WARN_UNDECLARED_SELECTOR = YES;
				GCC_WARN_UNINITIALIZED_AUTOS = YES_AGGRESSIVE;
				GCC_WARN_UNUSED_FUNCTION = YES;
				GCC_WARN_UNUSED_VARIABLE = YES;
				IPHONEOS_DEPLOYMENT_TARGET = 14.4;
				MTL_ENABLE_DEBUG_INFO = INCLUDE_SOURCE;
				MTL_FAST_MATH = YES;
				ONLY_ACTIVE_ARCH = YES;
				SDKROOT = iphoneos;
				SWIFT_ACTIVE_COMPILATION_CONDITIONS = DEBUG;
				SWIFT_OPTIMIZATION_LEVEL = "-Onone";
			};
			name = Debug;
		};
		7310C6172618BDB300BB6A79 /* Release */ = {
			isa = XCBuildConfiguration;
			buildSettings = {
				ALWAYS_SEARCH_USER_PATHS = NO;
				CLANG_ANALYZER_NONNULL = YES;
				CLANG_ANALYZER_NUMBER_OBJECT_CONVERSION = YES_AGGRESSIVE;
				CLANG_CXX_LANGUAGE_STANDARD = "gnu++14";
				CLANG_CXX_LIBRARY = "libc++";
				CLANG_ENABLE_MODULES = YES;
				CLANG_ENABLE_OBJC_ARC = YES;
				CLANG_ENABLE_OBJC_WEAK = YES;
				CLANG_WARN_BLOCK_CAPTURE_AUTORELEASING = YES;
				CLANG_WARN_BOOL_CONVERSION = YES;
				CLANG_WARN_COMMA = YES;
				CLANG_WARN_CONSTANT_CONVERSION = YES;
				CLANG_WARN_DEPRECATED_OBJC_IMPLEMENTATIONS = YES;
				CLANG_WARN_DIRECT_OBJC_ISA_USAGE = YES_ERROR;
				CLANG_WARN_DOCUMENTATION_COMMENTS = YES;
				CLANG_WARN_EMPTY_BODY = YES;
				CLANG_WARN_ENUM_CONVERSION = YES;
				CLANG_WARN_INFINITE_RECURSION = YES;
				CLANG_WARN_INT_CONVERSION = YES;
				CLANG_WARN_NON_LITERAL_NULL_CONVERSION = YES;
				CLANG_WARN_OBJC_IMPLICIT_RETAIN_SELF = YES;
				CLANG_WARN_OBJC_LITERAL_CONVERSION = YES;
				CLANG_WARN_OBJC_ROOT_CLASS = YES_ERROR;
				CLANG_WARN_QUOTED_INCLUDE_IN_FRAMEWORK_HEADER = YES;
				CLANG_WARN_RANGE_LOOP_ANALYSIS = YES;
				CLANG_WARN_STRICT_PROTOTYPES = YES;
				CLANG_WARN_SUSPICIOUS_MOVE = YES;
				CLANG_WARN_UNGUARDED_AVAILABILITY = YES_AGGRESSIVE;
				CLANG_WARN_UNREACHABLE_CODE = YES;
				CLANG_WARN__DUPLICATE_METHOD_MATCH = YES;
				COPY_PHASE_STRIP = NO;
				DEBUG_INFORMATION_FORMAT = "dwarf-with-dsym";
				ENABLE_NS_ASSERTIONS = NO;
				ENABLE_STRICT_OBJC_MSGSEND = YES;
				GCC_C_LANGUAGE_STANDARD = gnu11;
				GCC_NO_COMMON_BLOCKS = YES;
				GCC_WARN_64_TO_32_BIT_CONVERSION = YES;
				GCC_WARN_ABOUT_RETURN_TYPE = YES_ERROR;
				GCC_WARN_UNDECLARED_SELECTOR = YES;
				GCC_WARN_UNINITIALIZED_AUTOS = YES_AGGRESSIVE;
				GCC_WARN_UNUSED_FUNCTION = YES;
				GCC_WARN_UNUSED_VARIABLE = YES;
				IPHONEOS_DEPLOYMENT_TARGET = 14.4;
				MTL_ENABLE_DEBUG_INFO = NO;
				MTL_FAST_MATH = YES;
				SDKROOT = iphoneos;
				SWIFT_COMPILATION_MODE = wholemodule;
				SWIFT_OPTIMIZATION_LEVEL = "-O";
				VALIDATE_PRODUCT = YES;
			};
			name = Release;
		};
		7310C6192618BDB300BB6A79 /* Debug */ = {
			isa = XCBuildConfiguration;
			buildSettings = {
				ASSETCATALOG_COMPILER_APPICON_NAME = AppIcon;
				ASSETCATALOG_COMPILER_GLOBAL_ACCENT_COLOR_NAME = AccentColor;
				CODE_SIGN_STYLE = Automatic;
				DEVELOPMENT_TEAM = 8FK58X4792;
				INFOPLIST_FILE = TechnovationGirls13/Info.plist;
				LD_RUNPATH_SEARCH_PATHS = (
					"$(inherited)",
					"@executable_path/Frameworks",
				);
				PRODUCT_BUNDLE_IDENTIFIER = "Eco.Cedar-Mountain.TechnovationGirls13";
				PRODUCT_NAME = "$(TARGET_NAME)";
				SWIFT_VERSION = 5.0;
				TARGETED_DEVICE_FAMILY = "1,2";
			};
			name = Debug;
		};
		7310C61A2618BDB300BB6A79 /* Release */ = {
			isa = XCBuildConfiguration;
			buildSettings = {
				ASSETCATALOG_COMPILER_APPICON_NAME = AppIcon;
				ASSETCATALOG_COMPILER_GLOBAL_ACCENT_COLOR_NAME = AccentColor;
				CODE_SIGN_STYLE = Automatic;
				DEVELOPMENT_TEAM = 8FK58X4792;
				INFOPLIST_FILE = TechnovationGirls13/Info.plist;
				LD_RUNPATH_SEARCH_PATHS = (
					"$(inherited)",
					"@executable_path/Frameworks",
				);
				PRODUCT_BUNDLE_IDENTIFIER = "Eco.Cedar-Mountain.TechnovationGirls13";
				PRODUCT_NAME = "$(TARGET_NAME)";
				SWIFT_VERSION = 5.0;
				TARGETED_DEVICE_FAMILY = "1,2";
			};
			name = Release;
		};
/* End XCBuildConfiguration section */

/* Begin XCConfigurationList section */
		7310C5FF2618BDAF00BB6A79 /* Build configuration list for PBXProject "TechnovationGirls13" */ = {
			isa = XCConfigurationList;
			buildConfigurations = (
				7310C6162618BDB300BB6A79 /* Debug */,
				7310C6172618BDB300BB6A79 /* Release */,
			);
			defaultConfigurationIsVisible = 0;
			defaultConfigurationName = Release;
		};
		7310C6182618BDB300BB6A79 /* Build configuration list for PBXNativeTarget "TechnovationGirls13" */ = {
			isa = XCConfigurationList;
			buildConfigurations = (
				7310C6192618BDB300BB6A79 /* Debug */,
				7310C61A2618BDB300BB6A79 /* Release */,
			);
			defaultConfigurationIsVisible = 0;
			defaultConfigurationName = Release;
		};
/* End XCConfigurationList section */
	};
	rootObject = 7310C5FC2618BDAF00BB6A79 /* Project object */;
}
